// !$*UTF8*$!
{
	archiveVersion = 1;
	classes = {
	};
	objectVersion = 51;
	objects = {

/* Begin PBXBuildFile section */
		8018C9A22459AD7B00721831 /* AuthorizationController.swift in Sources */ = {isa = PBXBuildFile; fileRef = 8018C9A12459AD7B00721831 /* AuthorizationController.swift */; };
		8018C9A6245B287200721831 /* UserDefaultsUtil.swift in Sources */ = {isa = PBXBuildFile; fileRef = 8018C9A5245B287200721831 /* UserDefaultsUtil.swift */; };
		80190D62D54E7BABB1E3F9CB /* Pods_BennyPass.framework in Frameworks */ = {isa = PBXBuildFile; fileRef = 0A8A95EB5BF0074D11F7E9E6 /* Pods_BennyPass.framework */; };
		8071F63D2462D147004E0011 /* ToastExtension.swift in Sources */ = {isa = PBXBuildFile; fileRef = 8071F63C2462D147004E0011 /* ToastExtension.swift */; };
		80C96BC92451C17400C66EB0 /* AppDelegate.swift in Sources */ = {isa = PBXBuildFile; fileRef = 80C96BC82451C17400C66EB0 /* AppDelegate.swift */; };
		80C96BCB2451C17400C66EB0 /* SceneDelegate.swift in Sources */ = {isa = PBXBuildFile; fileRef = 80C96BCA2451C17400C66EB0 /* SceneDelegate.swift */; };
		80C96BCD2451C17400C66EB0 /* ViewController.swift in Sources */ = {isa = PBXBuildFile; fileRef = 80C96BCC2451C17400C66EB0 /* ViewController.swift */; };
		80C96BD02451C17400C66EB0 /* Main.storyboard in Resources */ = {isa = PBXBuildFile; fileRef = 80C96BCE2451C17400C66EB0 /* Main.storyboard */; };
		80C96BD22451C17600C66EB0 /* Assets.xcassets in Resources */ = {isa = PBXBuildFile; fileRef = 80C96BD12451C17600C66EB0 /* Assets.xcassets */; };
		80C96BD52451C17600C66EB0 /* LaunchScreen.storyboard in Resources */ = {isa = PBXBuildFile; fileRef = 80C96BD32451C17600C66EB0 /* LaunchScreen.storyboard */; };
/* End PBXBuildFile section */

/* Begin PBXFileReference section */
		0011B81A7A54EF6B19D063B2 /* Pods-BennyPass.debug.xcconfig */ = {isa = PBXFileReference; includeInIndex = 1; lastKnownFileType = text.xcconfig; name = "Pods-BennyPass.debug.xcconfig"; path = "Target Support Files/Pods-BennyPass/Pods-BennyPass.debug.xcconfig"; sourceTree = "<group>"; };
		0A8A95EB5BF0074D11F7E9E6 /* Pods_BennyPass.framework */ = {isa = PBXFileReference; explicitFileType = wrapper.framework; includeInIndex = 0; path = Pods_BennyPass.framework; sourceTree = BUILT_PRODUCTS_DIR; };
		8018C9A12459AD7B00721831 /* AuthorizationController.swift */ = {isa = PBXFileReference; lastKnownFileType = sourcecode.swift; path = AuthorizationController.swift; sourceTree = "<group>"; };
		8018C9A5245B287200721831 /* UserDefaultsUtil.swift */ = {isa = PBXFileReference; lastKnownFileType = sourcecode.swift; path = UserDefaultsUtil.swift; sourceTree = "<group>"; };
		8071F63C2462D147004E0011 /* ToastExtension.swift */ = {isa = PBXFileReference; lastKnownFileType = sourcecode.swift; path = ToastExtension.swift; sourceTree = "<group>"; };
		80C96BC52451C17400C66EB0 /* BennyPass.app */ = {isa = PBXFileReference; explicitFileType = wrapper.application; includeInIndex = 0; path = BennyPass.app; sourceTree = BUILT_PRODUCTS_DIR; };
		80C96BC82451C17400C66EB0 /* AppDelegate.swift */ = {isa = PBXFileReference; lastKnownFileType = sourcecode.swift; path = AppDelegate.swift; sourceTree = "<group>"; };
		80C96BCA2451C17400C66EB0 /* SceneDelegate.swift */ = {isa = PBXFileReference; lastKnownFileType = sourcecode.swift; path = SceneDelegate.swift; sourceTree = "<group>"; };
		80C96BCC2451C17400C66EB0 /* ViewController.swift */ = {isa = PBXFileReference; lastKnownFileType = sourcecode.swift; path = ViewController.swift; sourceTree = "<group>"; };
		80C96BCF2451C17400C66EB0 /* Base */ = {isa = PBXFileReference; lastKnownFileType = file.storyboard; name = Base; path = Base.lproj/Main.storyboard; sourceTree = "<group>"; };
		80C96BD12451C17600C66EB0 /* Assets.xcassets */ = {isa = PBXFileReference; lastKnownFileType = folder.assetcatalog; path = Assets.xcassets; sourceTree = "<group>"; };
		80C96BD42451C17600C66EB0 /* Base */ = {isa = PBXFileReference; lastKnownFileType = file.storyboard; name = Base; path = Base.lproj/LaunchScreen.storyboard; sourceTree = "<group>"; };
		80C96BD62451C17600C66EB0 /* Info.plist */ = {isa = PBXFileReference; lastKnownFileType = text.plist.xml; path = Info.plist; sourceTree = "<group>"; };
		A90299B376FAAF1A33669C16 /* Pods-BennyPass.release.xcconfig */ = {isa = PBXFileReference; includeInIndex = 1; lastKnownFileType = text.xcconfig; name = "Pods-BennyPass.release.xcconfig"; path = "Target Support Files/Pods-BennyPass/Pods-BennyPass.release.xcconfig"; sourceTree = "<group>"; };
/* End PBXFileReference section */

/* Begin PBXFrameworksBuildPhase section */
		80C96BC22451C17400C66EB0 /* Frameworks */ = {
			isa = PBXFrameworksBuildPhase;
			buildActionMask = 2147483647;
			files = (
				80190D62D54E7BABB1E3F9CB /* Pods_BennyPass.framework in Frameworks */,
			);
			runOnlyForDeploymentPostprocessing = 0;
		};
/* End PBXFrameworksBuildPhase section */

/* Begin PBXGroup section */
		804BABC02462A38100AC02C8 /* util */ = {
			isa = PBXGroup;
			children = (
				8018C9A5245B287200721831 /* UserDefaultsUtil.swift */,
			);
			path = util;
			sourceTree = "<group>";
		};
		8071F6372462C9E1004E0011 /* extension */ = {
			isa = PBXGroup;
			children = (
				8071F63C2462D147004E0011 /* ToastExtension.swift */,
			);
			path = extension;
			sourceTree = "<group>";
		};
		80C96BBC2451C17400C66EB0 = {
			isa = PBXGroup;
			children = (
				80C96BC72451C17400C66EB0 /* BennyPass */,
				80C96BC62451C17400C66EB0 /* Products */,
				B1DB27CEDBE313F8B53C2C92 /* Pods */,
				EF9609F2EA60FBDB8948FB0D /* Frameworks */,
			);
			sourceTree = "<group>";
		};
		80C96BC62451C17400C66EB0 /* Products */ = {
			isa = PBXGroup;
			children = (
				80C96BC52451C17400C66EB0 /* BennyPass.app */,
			);
			name = Products;
			sourceTree = "<group>";
		};
		80C96BC72451C17400C66EB0 /* BennyPass */ = {
			isa = PBXGroup;
			children = (
				80C96BC82451C17400C66EB0 /* AppDelegate.swift */,
				80C96BCA2451C17400C66EB0 /* SceneDelegate.swift */,
				80C96BCE2451C17400C66EB0 /* Main.storyboard */,
				80C96BD12451C17600C66EB0 /* Assets.xcassets */,
				80C96BD32451C17600C66EB0 /* LaunchScreen.storyboard */,
				80C96BD62451C17600C66EB0 /* Info.plist */,
				80DF112B2462A61D0032A3D2 /* controller */,
				804BABC02462A38100AC02C8 /* util */,
				8071F6372462C9E1004E0011 /* extension */,
			);
			path = BennyPass;
			sourceTree = "<group>";
		};
		80DF112B2462A61D0032A3D2 /* controller */ = {
			isa = PBXGroup;
			children = (
				80C96BCC2451C17400C66EB0 /* ViewController.swift */,
				8018C9A12459AD7B00721831 /* AuthorizationController.swift */,
			);
			path = controller;
			sourceTree = "<group>";
		};
		B1DB27CEDBE313F8B53C2C92 /* Pods */ = {
			isa = PBXGroup;
			children = (
				0011B81A7A54EF6B19D063B2 /* Pods-BennyPass.debug.xcconfig */,
				A90299B376FAAF1A33669C16 /* Pods-BennyPass.release.xcconfig */,
			);
			path = Pods;
			sourceTree = "<group>";
		};
		EF9609F2EA60FBDB8948FB0D /* Frameworks */ = {
			isa = PBXGroup;
			children = (
				0A8A95EB5BF0074D11F7E9E6 /* Pods_BennyPass.framework */,
			);
			name = Frameworks;
			sourceTree = "<group>";
		};
/* End PBXGroup section */

/* Begin PBXNativeTarget section */
		80C96BC42451C17400C66EB0 /* BennyPass */ = {
			isa = PBXNativeTarget;
			buildConfigurationList = 80C96BD92451C17600C66EB0 /* Build configuration list for PBXNativeTarget "BennyPass" */;
			buildPhases = (
				91273258CBC4F350ED9ECB74 /* [CP] Check Pods Manifest.lock */,
				80C96BC12451C17400C66EB0 /* Sources */,
				80C96BC22451C17400C66EB0 /* Frameworks */,
				80C96BC32451C17400C66EB0 /* Resources */,
				28D345EB9EC0B22B700FDA33 /* [CP] Embed Pods Frameworks */,
			);
			buildRules = (
			);
			dependencies = (
			);
			name = BennyPass;
			productName = BennyPass;
			productReference = 80C96BC52451C17400C66EB0 /* BennyPass.app */;
			productType = "com.apple.product-type.application";
		};
/* End PBXNativeTarget section */

/* Begin PBXProject section */
		80C96BBD2451C17400C66EB0 /* Project object */ = {
			isa = PBXProject;
			attributes = {
				LastSwiftUpdateCheck = 1140;
				LastUpgradeCheck = 1140;
				ORGANIZATIONNAME = Camel;
				TargetAttributes = {
					80C96BC42451C17400C66EB0 = {
						CreatedOnToolsVersion = 11.4.1;
					};
				};
			};
			buildConfigurationList = 80C96BC02451C17400C66EB0 /* Build configuration list for PBXProject "BennyPass" */;
			compatibilityVersion = "Xcode 9.3";
			developmentRegion = en;
			hasScannedForEncodings = 0;
			knownRegions = (
				en,
				Base,
			);
			mainGroup = 80C96BBC2451C17400C66EB0;
			productRefGroup = 80C96BC62451C17400C66EB0 /* Products */;
			projectDirPath = "";
			projectRoot = "";
			targets = (
				80C96BC42451C17400C66EB0 /* BennyPass */,
			);
		};
/* End PBXProject section */

/* Begin PBXResourcesBuildPhase section */
		80C96BC32451C17400C66EB0 /* Resources */ = {
			isa = PBXResourcesBuildPhase;
			buildActionMask = 2147483647;
			files = (
				80C96BD52451C17600C66EB0 /* LaunchScreen.storyboard in Resources */,
				80C96BD22451C17600C66EB0 /* Assets.xcassets in Resources */,
				80C96BD02451C17400C66EB0 /* Main.storyboard in Resources */,
			);
			runOnlyForDeploymentPostprocessing = 0;
		};
/* End PBXResourcesBuildPhase section */

/* Begin PBXShellScriptBuildPhase section */
		28D345EB9EC0B22B700FDA33 /* [CP] Embed Pods Frameworks */ = {
			isa = PBXShellScriptBuildPhase;
			buildActionMask = 2147483647;
			files = (
			);
			inputFileListPaths = (
				"${PODS_ROOT}/Target Support Files/Pods-BennyPass/Pods-BennyPass-frameworks-${CONFIGURATION}-input-files.xcfilelist",
			);
			name = "[CP] Embed Pods Frameworks";
			outputFileListPaths = (
				"${PODS_ROOT}/Target Support Files/Pods-BennyPass/Pods-BennyPass-frameworks-${CONFIGURATION}-output-files.xcfilelist",
			);
			runOnlyForDeploymentPostprocessing = 0;
			shellPath = /bin/sh;
			shellScript = "\"${PODS_ROOT}/Target Support Files/Pods-BennyPass/Pods-BennyPass-frameworks.sh\"\n";
			showEnvVarsInLog = 0;
		};
		91273258CBC4F350ED9ECB74 /* [CP] Check Pods Manifest.lock */ = {
			isa = PBXShellScriptBuildPhase;
			buildActionMask = 2147483647;
			files = (
			);
			inputFileListPaths = (
			);
			inputPaths = (
				"${PODS_PODFILE_DIR_PATH}/Podfile.lock",
				"${PODS_ROOT}/Manifest.lock",
			);
			name = "[CP] Check Pods Manifest.lock";
			outputFileListPaths = (
			);
			outputPaths = (
				"$(DERIVED_FILE_DIR)/Pods-BennyPass-checkManifestLockResult.txt",
			);
			runOnlyForDeploymentPostprocessing = 0;
			shellPath = /bin/sh;
			shellScript = "diff \"${PODS_PODFILE_DIR_PATH}/Podfile.lock\" \"${PODS_ROOT}/Manifest.lock\" > /dev/null\nif [ $? != 0 ] ; then\n    # print error to STDERR\n    echo \"error: The sandbox is not in sync with the Podfile.lock. Run 'pod install' or update your CocoaPods installation.\" >&2\n    exit 1\nfi\n# This output is used by Xcode 'outputs' to avoid re-running this script phase.\necho \"SUCCESS\" > \"${SCRIPT_OUTPUT_FILE_0}\"\n";
			showEnvVarsInLog = 0;
		};
/* End PBXShellScriptBuildPhase section */

/* Begin PBXSourcesBuildPhase section */
		80C96BC12451C17400C66EB0 /* Sources */ = {
			isa = PBXSourcesBuildPhase;
			buildActionMask = 2147483647;
			files = (
				80C96BCD2451C17400C66EB0 /* ViewController.swift in Sources */,
				8018C9A22459AD7B00721831 /* AuthorizationController.swift in Sources */,
				8018C9A6245B287200721831 /* UserDefaultsUtil.swift in Sources */,
				80C96BC92451C17400C66EB0 /* AppDelegate.swift in Sources */,
				80C96BCB2451C17400C66EB0 /* SceneDelegate.swift in Sources */,
				8071F63D2462D147004E0011 /* ToastExtension.swift in Sources */,
			);
			runOnlyForDeploymentPostprocessing = 0;
		};
/* End PBXSourcesBuildPhase section */

/* Begin PBXVariantGroup section */
		80C96BCE2451C17400C66EB0 /* Main.storyboard */ = {
			isa = PBXVariantGroup;
			children = (
				80C96BCF2451C17400C66EB0 /* Base */,
			);
			name = Main.storyboard;
			sourceTree = "<group>";
		};
		80C96BD32451C17600C66EB0 /* LaunchScreen.storyboard */ = {
			isa = PBXVariantGroup;
			children = (
				80C96BD42451C17600C66EB0 /* Base */,
			);
			name = LaunchScreen.storyboard;
			sourceTree = "<group>";
		};
/* End PBXVariantGroup section */

/* Begin XCBuildConfiguration section */
		80C96BD72451C17600C66EB0 /* Debug */ = {
			isa = XCBuildConfiguration;
			buildSettings = {
				ALWAYS_SEARCH_USER_PATHS = NO;
				CLANG_ANALYZER_NONNULL = YES;
				CLANG_ANALYZER_NUMBER_OBJECT_CONVERSION = YES_AGGRESSIVE;
				CLANG_CXX_LANGUAGE_STANDARD = "gnu++14";
				CLANG_CXX_LIBRARY = "libc++";
				CLANG_ENABLE_MODULES = YES;
				CLANG_ENABLE_OBJC_ARC = YES;
				CLANG_ENABLE_OBJC_WEAK = YES;
				CLANG_WARN_BLOCK_CAPTURE_AUTORELEASING = YES;
				CLANG_WARN_BOOL_CONVERSION = YES;
				CLANG_WARN_COMMA = YES;
				CLANG_WARN_CONSTANT_CONVERSION = YES;
				CLANG_WARN_DEPRECATED_OBJC_IMPLEMENTATIONS = YES;
				CLANG_WARN_DIRECT_OBJC_ISA_USAGE = YES_ERROR;
				CLANG_WARN_DOCUMENTATION_COMMENTS = YES;
				CLANG_WARN_EMPTY_BODY = YES;
				CLANG_WARN_ENUM_CONVERSION = YES;
				CLANG_WARN_INFINITE_RECURSION = YES;
				CLANG_WARN_INT_CONVERSION = YES;
				CLANG_WARN_NON_LITERAL_NULL_CONVERSION = YES;
				CLANG_WARN_OBJC_IMPLICIT_RETAIN_SELF = YES;
				CLANG_WARN_OBJC_LITERAL_CONVERSION = YES;
				CLANG_WARN_OBJC_ROOT_CLASS = YES_ERROR;
				CLANG_WARN_RANGE_LOOP_ANALYSIS = YES;
				CLANG_WARN_STRICT_PROTOTYPES = YES;
				CLANG_WARN_SUSPICIOUS_MOVE = YES;
				CLANG_WARN_UNGUARDED_AVAILABILITY = YES_AGGRESSIVE;
				CLANG_WARN_UNREACHABLE_CODE = YES;
				CLANG_WARN__DUPLICATE_METHOD_MATCH = YES;
				COPY_PHASE_STRIP = NO;
				DEBUG_INFORMATION_FORMAT = dwarf;
				ENABLE_STRICT_OBJC_MSGSEND = YES;
				ENABLE_TESTABILITY = YES;
				GCC_C_LANGUAGE_STANDARD = gnu11;
				GCC_DYNAMIC_NO_PIC = NO;
				GCC_NO_COMMON_BLOCKS = YES;
				GCC_OPTIMIZATION_LEVEL = 0;
				GCC_PREPROCESSOR_DEFINITIONS = (
					"DEBUG=1",
					"$(inherited)",
				);
				GCC_WARN_64_TO_32_BIT_CONVERSION = YES;
				GCC_WARN_ABOUT_RETURN_TYPE = YES_ERROR;
				GCC_WARN_UNDECLARED_SELECTOR = YES;
				GCC_WARN_UNINITIALIZED_AUTOS = YES_AGGRESSIVE;
				GCC_WARN_UNUSED_FUNCTION = YES;
				GCC_WARN_UNUSED_VARIABLE = YES;
				IPHONEOS_DEPLOYMENT_TARGET = 13.4;
				MTL_ENABLE_DEBUG_INFO = INCLUDE_SOURCE;
				MTL_FAST_MATH = YES;
				ONLY_ACTIVE_ARCH = YES;
				SDKROOT = iphoneos;
				SWIFT_ACTIVE_COMPILATION_CONDITIONS = DEBUG;
				SWIFT_OPTIMIZATION_LEVEL = "-Onone";
			};
			name = Debug;
		};
		80C96BD82451C17600C66EB0 /* Release */ = {
			isa = XCBuildConfiguration;
			buildSettings = {
				ALWAYS_SEARCH_USER_PATHS = NO;
				CLANG_ANALYZER_NONNULL = YES;
				CLANG_ANALYZER_NUMBER_OBJECT_CONVERSION = YES_AGGRESSIVE;
				CLANG_CXX_LANGUAGE_STANDARD = "gnu++14";
				CLANG_CXX_LIBRARY = "libc++";
				CLANG_ENABLE_MODULES = YES;
				CLANG_ENABLE_OBJC_ARC = YES;
				CLANG_ENABLE_OBJC_WEAK = YES;
				CLANG_WARN_BLOCK_CAPTURE_AUTORELEASING = YES;
				CLANG_WARN_BOOL_CONVERSION = YES;
				CLANG_WARN_COMMA = YES;
				CLANG_WARN_CONSTANT_CONVERSION = YES;
				CLANG_WARN_DEPRECATED_OBJC_IMPLEMENTATIONS = YES;
				CLANG_WARN_DIRECT_OBJC_ISA_USAGE = YES_ERROR;
				CLANG_WARN_DOCUMENTATION_COMMENTS = YES;
				CLANG_WARN_EMPTY_BODY = YES;
				CLANG_WARN_ENUM_CONVERSION = YES;
				CLANG_WARN_INFINITE_RECURSION = YES;
				CLANG_WARN_INT_CONVERSION = YES;
				CLANG_WARN_NON_LITERAL_NULL_CONVERSION = YES;
				CLANG_WARN_OBJC_IMPLICIT_RETAIN_SELF = YES;
				CLANG_WARN_OBJC_LITERAL_CONVERSION = YES;
				CLANG_WARN_OBJC_ROOT_CLASS = YES_ERROR;
				CLANG_WARN_RANGE_LOOP_ANALYSIS = YES;
				CLANG_WARN_STRICT_PROTOTYPES = YES;
				CLANG_WARN_SUSPICIOUS_MOVE = YES;
				CLANG_WARN_UNGUARDED_AVAILABILITY = YES_AGGRESSIVE;
				CLANG_WARN_UNREACHABLE_CODE = YES;
				CLANG_WARN__DUPLICATE_METHOD_MATCH = YES;
				COPY_PHASE_STRIP = NO;
				DEBUG_INFORMATION_FORMAT = "dwarf-with-dsym";
				ENABLE_NS_ASSERTIONS = NO;
				ENABLE_STRICT_OBJC_MSGSEND = YES;
				GCC_C_LANGUAGE_STANDARD = gnu11;
				GCC_NO_COMMON_BLOCKS = YES;
				GCC_WARN_64_TO_32_BIT_CONVERSION = YES;
				GCC_WARN_ABOUT_RETURN_TYPE = YES_ERROR;
				GCC_WARN_UNDECLARED_SELECTOR = YES;
				GCC_WARN_UNINITIALIZED_AUTOS = YES_AGGRESSIVE;
				GCC_WARN_UNUSED_FUNCTION = YES;
				GCC_WARN_UNUSED_VARIABLE = YES;
				IPHONEOS_DEPLOYMENT_TARGET = 13.4;
				MTL_ENABLE_DEBUG_INFO = NO;
				MTL_FAST_MATH = YES;
				SDKROOT = iphoneos;
				SWIFT_COMPILATION_MODE = wholemodule;
				SWIFT_OPTIMIZATION_LEVEL = "-O";
				VALIDATE_PRODUCT = YES;
			};
			name = Release;
		};
		80C96BDA2451C17600C66EB0 /* Debug */ = {
			isa = XCBuildConfiguration;
			baseConfigurationReference = 0011B81A7A54EF6B19D063B2 /* Pods-BennyPass.debug.xcconfig */;
			buildSettings = {
				ASSETCATALOG_COMPILER_APPICON_NAME = AppIcon;
				CODE_SIGN_STYLE = Automatic;
				INFOPLIST_FILE = BennyPass/Info.plist;
				LD_RUNPATH_SEARCH_PATHS = (
					"$(inherited)",
					"@executable_path/Frameworks",
				);
				PRODUCT_BUNDLE_IDENTIFIER = com.zenkosrc.bennypass;
				PRODUCT_NAME = "$(TARGET_NAME)";
				SWIFT_VERSION = 5.0;
				TARGETED_DEVICE_FAMILY = "1,2";
			};
			name = Debug;
		};
		80C96BDB2451C17600C66EB0 /* Release */ = {
			isa = XCBuildConfiguration;
			baseConfigurationReference = A90299B376FAAF1A33669C16 /* Pods-BennyPass.release.xcconfig */;
			buildSettings = {
				ASSETCATALOG_COMPILER_APPICON_NAME = AppIcon;
				CODE_SIGN_STYLE = Automatic;
				INFOPLIST_FILE = BennyPass/Info.plist;
				LD_RUNPATH_SEARCH_PATHS = (
					"$(inherited)",
					"@executable_path/Frameworks",
				);
				PRODUCT_BUNDLE_IDENTIFIER = com.zenkosrc.bennypass;
				PRODUCT_NAME = "$(TARGET_NAME)";
				SWIFT_VERSION = 5.0;
				TARGETED_DEVICE_FAMILY = "1,2";
			};
			name = Release;
		};
/* End XCBuildConfiguration section */

/* Begin XCConfigurationList section */
		80C96BC02451C17400C66EB0 /* Build configuration list for PBXProject "BennyPass" */ = {
			isa = XCConfigurationList;
			buildConfigurations = (
				80C96BD72451C17600C66EB0 /* Debug */,
				80C96BD82451C17600C66EB0 /* Release */,
			);
			defaultConfigurationIsVisible = 0;
			defaultConfigurationName = Release;
		};
		80C96BD92451C17600C66EB0 /* Build configuration list for PBXNativeTarget "BennyPass" */ = {
			isa = XCConfigurationList;
			buildConfigurations = (
				80C96BDA2451C17600C66EB0 /* Debug */,
				80C96BDB2451C17600C66EB0 /* Release */,
			);
			defaultConfigurationIsVisible = 0;
			defaultConfigurationName = Release;
		};
/* End XCConfigurationList section */
	};
	rootObject = 80C96BBD2451C17400C66EB0 /* Project object */;
}
